// !$*UTF8*$!
{
	archiveVersion = 1;
	classes = {
	};
	objectVersion = 50;
	objects = {

/* Begin PBXBuildFile section */
		26B77C5E278AAF9600521C15 /* AppDelegate.swift in Sources */ = {isa = PBXBuildFile; fileRef = 26B77C5D278AAF9600521C15 /* AppDelegate.swift */; };
		26B77C60278AAF9600521C15 /* SceneDelegate.swift in Sources */ = {isa = PBXBuildFile; fileRef = 26B77C5F278AAF9600521C15 /* SceneDelegate.swift */; };
		26B77C62278AAF9600521C15 /* ViewController.swift in Sources */ = {isa = PBXBuildFile; fileRef = 26B77C61278AAF9600521C15 /* ViewController.swift */; };
		26B77C65278AAF9600521C15 /* Main.storyboard in Resources */ = {isa = PBXBuildFile; fileRef = 26B77C63278AAF9600521C15 /* Main.storyboard */; };
		26B77C67278AAF9800521C15 /* Assets.xcassets in Resources */ = {isa = PBXBuildFile; fileRef = 26B77C66278AAF9800521C15 /* Assets.xcassets */; };
		26B77C6A278AAF9800521C15 /* LaunchScreen.storyboard in Resources */ = {isa = PBXBuildFile; fileRef = 26B77C68278AAF9800521C15 /* LaunchScreen.storyboard */; };
		26B77C75278AAF9800521C15 /* MeloManiacTests.swift in Sources */ = {isa = PBXBuildFile; fileRef = 26B77C74278AAF9800521C15 /* MeloManiacTests.swift */; };
		26B77C80278AAF9900521C15 /* MeloManiacUITests.swift in Sources */ = {isa = PBXBuildFile; fileRef = 26B77C7F278AAF9900521C15 /* MeloManiacUITests.swift */; };
/* End PBXBuildFile section */

/* Begin PBXContainerItemProxy section */
		26B77C71278AAF9800521C15 /* PBXContainerItemProxy */ = {
			isa = PBXContainerItemProxy;
			containerPortal = 26B77C52278AAF9600521C15 /* Project object */;
			proxyType = 1;
			remoteGlobalIDString = 26B77C59278AAF9600521C15;
			remoteInfo = MeloManiac;
		};
		26B77C7C278AAF9900521C15 /* PBXContainerItemProxy */ = {
			isa = PBXContainerItemProxy;
			containerPortal = 26B77C52278AAF9600521C15 /* Project object */;
			proxyType = 1;
			remoteGlobalIDString = 26B77C59278AAF9600521C15;
			remoteInfo = MeloManiac;
		};
/* End PBXContainerItemProxy section */

/* Begin PBXFileReference section */
		26B77C5A278AAF9600521C15 /* MeloManiac.app */ = {isa = PBXFileReference; explicitFileType = wrapper.application; includeInIndex = 0; path = MeloManiac.app; sourceTree = BUILT_PRODUCTS_DIR; };
		26B77C5D278AAF9600521C15 /* AppDelegate.swift */ = {isa = PBXFileReference; lastKnownFileType = sourcecode.swift; path = AppDelegate.swift; sourceTree = "<group>"; };
		26B77C5F278AAF9600521C15 /* SceneDelegate.swift */ = {isa = PBXFileReference; lastKnownFileType = sourcecode.swift; path = SceneDelegate.swift; sourceTree = "<group>"; };
		26B77C61278AAF9600521C15 /* ViewController.swift */ = {isa = PBXFileReference; lastKnownFileType = sourcecode.swift; path = ViewController.swift; sourceTree = "<group>"; };
		26B77C64278AAF9600521C15 /* Base */ = {isa = PBXFileReference; lastKnownFileType = file.storyboard; name = Base; path = Base.lproj/Main.storyboard; sourceTree = "<group>"; };
		26B77C66278AAF9800521C15 /* Assets.xcassets */ = {isa = PBXFileReference; lastKnownFileType = folder.assetcatalog; path = Assets.xcassets; sourceTree = "<group>"; };
		26B77C69278AAF9800521C15 /* Base */ = {isa = PBXFileReference; lastKnownFileType = file.storyboard; name = Base; path = Base.lproj/LaunchScreen.storyboard; sourceTree = "<group>"; };
		26B77C6B278AAF9800521C15 /* Info.plist */ = {isa = PBXFileReference; lastKnownFileType = text.plist.xml; path = Info.plist; sourceTree = "<group>"; };
		26B77C70278AAF9800521C15 /* MeloManiacTests.xctest */ = {isa = PBXFileReference; explicitFileType = wrapper.cfbundle; includeInIndex = 0; path = MeloManiacTests.xctest; sourceTree = BUILT_PRODUCTS_DIR; };
		26B77C74278AAF9800521C15 /* MeloManiacTests.swift */ = {isa = PBXFileReference; lastKnownFileType = sourcecode.swift; path = MeloManiacTests.swift; sourceTree = "<group>"; };
		26B77C76278AAF9800521C15 /* Info.plist */ = {isa = PBXFileReference; lastKnownFileType = text.plist.xml; path = Info.plist; sourceTree = "<group>"; };
		26B77C7B278AAF9900521C15 /* MeloManiacUITests.xctest */ = {isa = PBXFileReference; explicitFileType = wrapper.cfbundle; includeInIndex = 0; path = MeloManiacUITests.xctest; sourceTree = BUILT_PRODUCTS_DIR; };
		26B77C7F278AAF9900521C15 /* MeloManiacUITests.swift */ = {isa = PBXFileReference; lastKnownFileType = sourcecode.swift; path = MeloManiacUITests.swift; sourceTree = "<group>"; };
		26B77C81278AAF9900521C15 /* Info.plist */ = {isa = PBXFileReference; lastKnownFileType = text.plist.xml; path = Info.plist; sourceTree = "<group>"; };
/* End PBXFileReference section */

/* Begin PBXFrameworksBuildPhase section */
		26B77C57278AAF9600521C15 /* Frameworks */ = {
			isa = PBXFrameworksBuildPhase;
			buildActionMask = 2147483647;
			files = (
			);
			runOnlyForDeploymentPostprocessing = 0;
		};
		26B77C6D278AAF9800521C15 /* Frameworks */ = {
			isa = PBXFrameworksBuildPhase;
			buildActionMask = 2147483647;
			files = (
			);
			runOnlyForDeploymentPostprocessing = 0;
		};
		26B77C78278AAF9900521C15 /* Frameworks */ = {
			isa = PBXFrameworksBuildPhase;
			buildActionMask = 2147483647;
			files = (
			);
			runOnlyForDeploymentPostprocessing = 0;
		};
/* End PBXFrameworksBuildPhase section */

/* Begin PBXGroup section */
		26B77C51278AAF9600521C15 = {
			isa = PBXGroup;
			children = (
				26B77C5C278AAF9600521C15 /* MeloManiac */,
				26B77C73278AAF9800521C15 /* MeloManiacTests */,
				26B77C7E278AAF9900521C15 /* MeloManiacUITests */,
				26B77C5B278AAF9600521C15 /* Products */,
			);
			sourceTree = "<group>";
		};
		26B77C5B278AAF9600521C15 /* Products */ = {
			isa = PBXGroup;
			children = (
				26B77C5A278AAF9600521C15 /* MeloManiac.app */,
				26B77C70278AAF9800521C15 /* MeloManiacTests.xctest */,
				26B77C7B278AAF9900521C15 /* MeloManiacUITests.xctest */,
			);
			name = Products;
			sourceTree = "<group>";
		};
		26B77C5C278AAF9600521C15 /* MeloManiac */ = {
			isa = PBXGroup;
			children = (
				26B77C5D278AAF9600521C15 /* AppDelegate.swift */,
				26B77C5F278AAF9600521C15 /* SceneDelegate.swift */,
				26B77C61278AAF9600521C15 /* ViewController.swift */,
				26B77C63278AAF9600521C15 /* Main.storyboard */,
				26B77C66278AAF9800521C15 /* Assets.xcassets */,
				26B77C68278AAF9800521C15 /* LaunchScreen.storyboard */,
				26B77C6B278AAF9800521C15 /* Info.plist */,
			);
			path = MeloManiac;
			sourceTree = "<group>";
		};
		26B77C73278AAF9800521C15 /* MeloManiacTests */ = {
			isa = PBXGroup;
			children = (
				26B77C74278AAF9800521C15 /* MeloManiacTests.swift */,
				26B77C76278AAF9800521C15 /* Info.plist */,
			);
			path = MeloManiacTests;
			sourceTree = "<group>";
		};
		26B77C7E278AAF9900521C15 /* MeloManiacUITests */ = {
			isa = PBXGroup;
			children = (
				26B77C7F278AAF9900521C15 /* MeloManiacUITests.swift */,
				26B77C81278AAF9900521C15 /* Info.plist */,
			);
			path = MeloManiacUITests;
			sourceTree = "<group>";
		};
/* End PBXGroup section */

/* Begin PBXNativeTarget section */
		26B77C59278AAF9600521C15 /* MeloManiac */ = {
			isa = PBXNativeTarget;
			buildConfigurationList = 26B77C84278AAF9900521C15 /* Build configuration list for PBXNativeTarget "MeloManiac" */;
			buildPhases = (
				26B77C56278AAF9600521C15 /* Sources */,
				26B77C57278AAF9600521C15 /* Frameworks */,
				26B77C58278AAF9600521C15 /* Resources */,
			);
			buildRules = (
			);
			dependencies = (
			);
			name = MeloManiac;
			productName = MeloManiac;
			productReference = 26B77C5A278AAF9600521C15 /* MeloManiac.app */;
			productType = "com.apple.product-type.application";
		};
		26B77C6F278AAF9800521C15 /* MeloManiacTests */ = {
			isa = PBXNativeTarget;
			buildConfigurationList = 26B77C87278AAF9900521C15 /* Build configuration list for PBXNativeTarget "MeloManiacTests" */;
			buildPhases = (
				26B77C6C278AAF9800521C15 /* Sources */,
				26B77C6D278AAF9800521C15 /* Frameworks */,
				26B77C6E278AAF9800521C15 /* Resources */,
			);
			buildRules = (
			);
			dependencies = (
				26B77C72278AAF9800521C15 /* PBXTargetDependency */,
			);
			name = MeloManiacTests;
			productName = MeloManiacTests;
			productReference = 26B77C70278AAF9800521C15 /* MeloManiacTests.xctest */;
			productType = "com.apple.product-type.bundle.unit-test";
		};
		26B77C7A278AAF9900521C15 /* MeloManiacUITests */ = {
			isa = PBXNativeTarget;
			buildConfigurationList = 26B77C8A278AAF9900521C15 /* Build configuration list for PBXNativeTarget "MeloManiacUITests" */;
			buildPhases = (
				26B77C77278AAF9900521C15 /* Sources */,
				26B77C78278AAF9900521C15 /* Frameworks */,
				26B77C79278AAF9900521C15 /* Resources */,
			);
			buildRules = (
			);
			dependencies = (
				26B77C7D278AAF9900521C15 /* PBXTargetDependency */,
			);
			name = MeloManiacUITests;
			productName = MeloManiacUITests;
			productReference = 26B77C7B278AAF9900521C15 /* MeloManiacUITests.xctest */;
			productType = "com.apple.product-type.bundle.ui-testing";
		};
/* End PBXNativeTarget section */

/* Begin PBXProject section */
		26B77C52278AAF9600521C15 /* Project object */ = {
			isa = PBXProject;
			attributes = {
				LastSwiftUpdateCheck = 1250;
				LastUpgradeCheck = 1250;
				TargetAttributes = {
					26B77C59278AAF9600521C15 = {
						CreatedOnToolsVersion = 12.5.1;
					};
					26B77C6F278AAF9800521C15 = {
						CreatedOnToolsVersion = 12.5.1;
						TestTargetID = 26B77C59278AAF9600521C15;
					};
					26B77C7A278AAF9900521C15 = {
						CreatedOnToolsVersion = 12.5.1;
						TestTargetID = 26B77C59278AAF9600521C15;
					};
				};
			};
			buildConfigurationList = 26B77C55278AAF9600521C15 /* Build configuration list for PBXProject "MeloManiac" */;
			compatibilityVersion = "Xcode 9.3";
			developmentRegion = en;
			hasScannedForEncodings = 0;
			knownRegions = (
				en,
				Base,
			);
			mainGroup = 26B77C51278AAF9600521C15;
			productRefGroup = 26B77C5B278AAF9600521C15 /* Products */;
			projectDirPath = "";
			projectRoot = "";
			targets = (
				26B77C59278AAF9600521C15 /* MeloManiac */,
				26B77C6F278AAF9800521C15 /* MeloManiacTests */,
				26B77C7A278AAF9900521C15 /* MeloManiacUITests */,
			);
		};
/* End PBXProject section */

/* Begin PBXResourcesBuildPhase section */
		26B77C58278AAF9600521C15 /* Resources */ = {
			isa = PBXResourcesBuildPhase;
			buildActionMask = 2147483647;
			files = (
				26B77C6A278AAF9800521C15 /* LaunchScreen.storyboard in Resources */,
				26B77C67278AAF9800521C15 /* Assets.xcassets in Resources */,
				26B77C65278AAF9600521C15 /* Main.storyboard in Resources */,
			);
			runOnlyForDeploymentPostprocessing = 0;
		};
		26B77C6E278AAF9800521C15 /* Resources */ = {
			isa = PBXResourcesBuildPhase;
			buildActionMask = 2147483647;
			files = (
			);
			runOnlyForDeploymentPostprocessing = 0;
		};
		26B77C79278AAF9900521C15 /* Resources */ = {
			isa = PBXResourcesBuildPhase;
			buildActionMask = 2147483647;
			files = (
			);
			runOnlyForDeploymentPostprocessing = 0;
		};
/* End PBXResourcesBuildPhase section */

/* Begin PBXSourcesBuildPhase section */
		26B77C56278AAF9600521C15 /* Sources */ = {
			isa = PBXSourcesBuildPhase;
			buildActionMask = 2147483647;
			files = (
				26B77C62278AAF9600521C15 /* ViewController.swift in Sources */,
				26B77C5E278AAF9600521C15 /* AppDelegate.swift in Sources */,
				26B77C60278AAF9600521C15 /* SceneDelegate.swift in Sources */,
			);
			runOnlyForDeploymentPostprocessing = 0;
		};
		26B77C6C278AAF9800521C15 /* Sources */ = {
			isa = PBXSourcesBuildPhase;
			buildActionMask = 2147483647;
			files = (
				26B77C75278AAF9800521C15 /* MeloManiacTests.swift in Sources */,
			);
			runOnlyForDeploymentPostprocessing = 0;
		};
		26B77C77278AAF9900521C15 /* Sources */ = {
			isa = PBXSourcesBuildPhase;
			buildActionMask = 2147483647;
			files = (
				26B77C80278AAF9900521C15 /* MeloManiacUITests.swift in Sources */,
			);
			runOnlyForDeploymentPostprocessing = 0;
		};
/* End PBXSourcesBuildPhase section */

/* Begin PBXTargetDependency section */
		26B77C72278AAF9800521C15 /* PBXTargetDependency */ = {
			isa = PBXTargetDependency;
			target = 26B77C59278AAF9600521C15 /* MeloManiac */;
			targetProxy = 26B77C71278AAF9800521C15 /* PBXContainerItemProxy */;
		};
		26B77C7D278AAF9900521C15 /* PBXTargetDependency */ = {
			isa = PBXTargetDependency;
			target = 26B77C59278AAF9600521C15 /* MeloManiac */;
			targetProxy = 26B77C7C278AAF9900521C15 /* PBXContainerItemProxy */;
		};
/* End PBXTargetDependency section */

/* Begin PBXVariantGroup section */
		26B77C63278AAF9600521C15 /* Main.storyboard */ = {
			isa = PBXVariantGroup;
			children = (
				26B77C64278AAF9600521C15 /* Base */,
			);
			name = Main.storyboard;
			sourceTree = "<group>";
		};
		26B77C68278AAF9800521C15 /* LaunchScreen.storyboard */ = {
			isa = PBXVariantGroup;
			children = (
				26B77C69278AAF9800521C15 /* Base */,
			);
			name = LaunchScreen.storyboard;
			sourceTree = "<group>";
		};
/* End PBXVariantGroup section */

/* Begin XCBuildConfiguration section */
		26B77C82278AAF9900521C15 /* Debug */ = {
			isa = XCBuildConfiguration;
			buildSettings = {
				ALWAYS_SEARCH_USER_PATHS = NO;
				CLANG_ANALYZER_NONNULL = YES;
				CLANG_ANALYZER_NUMBER_OBJECT_CONVERSION = YES_AGGRESSIVE;
				CLANG_CXX_LANGUAGE_STANDARD = "gnu++14";
				CLANG_CXX_LIBRARY = "libc++";
				CLANG_ENABLE_MODULES = YES;
				CLANG_ENABLE_OBJC_ARC = YES;
				CLANG_ENABLE_OBJC_WEAK = YES;
				CLANG_WARN_BLOCK_CAPTURE_AUTORELEASING = YES;
				CLANG_WARN_BOOL_CONVERSION = YES;
				CLANG_WARN_COMMA = YES;
				CLANG_WARN_CONSTANT_CONVERSION = YES;
				CLANG_WARN_DEPRECATED_OBJC_IMPLEMENTATIONS = YES;
				CLANG_WARN_DIRECT_OBJC_ISA_USAGE = YES_ERROR;
				CLANG_WARN_DOCUMENTATION_COMMENTS = YES;
				CLANG_WARN_EMPTY_BODY = YES;
				CLANG_WARN_ENUM_CONVERSION = YES;
				CLANG_WARN_INFINITE_RECURSION = YES;
				CLANG_WARN_INT_CONVERSION = YES;
				CLANG_WARN_NON_LITERAL_NULL_CONVERSION = YES;
				CLANG_WARN_OBJC_IMPLICIT_RETAIN_SELF = YES;
				CLANG_WARN_OBJC_LITERAL_CONVERSION = YES;
				CLANG_WARN_OBJC_ROOT_CLASS = YES_ERROR;
				CLANG_WARN_QUOTED_INCLUDE_IN_FRAMEWORK_HEADER = YES;
				CLANG_WARN_RANGE_LOOP_ANALYSIS = YES;
				CLANG_WARN_STRICT_PROTOTYPES = YES;
				CLANG_WARN_SUSPICIOUS_MOVE = YES;
				CLANG_WARN_UNGUARDED_AVAILABILITY = YES_AGGRESSIVE;
				CLANG_WARN_UNREACHABLE_CODE = YES;
				CLANG_WARN__DUPLICATE_METHOD_MATCH = YES;
				COPY_PHASE_STRIP = NO;
				DEBUG_INFORMATION_FORMAT = dwarf;
				ENABLE_STRICT_OBJC_MSGSEND = YES;
				ENABLE_TESTABILITY = YES;
				GCC_C_LANGUAGE_STANDARD = gnu11;
				GCC_DYNAMIC_NO_PIC = NO;
				GCC_NO_COMMON_BLOCKS = YES;
				GCC_OPTIMIZATION_LEVEL = 0;
				GCC_PREPROCESSOR_DEFINITIONS = (
					"DEBUG=1",
					"$(inherited)",
				);
				GCC_WARN_64_TO_32_BIT_CONVERSION = YES;
				GCC_WARN_ABOUT_RETURN_TYPE = YES_ERROR;
				GCC_WARN_UNDECLARED_SELECTOR = YES;
				GCC_WARN_UNINITIALIZED_AUTOS = YES_AGGRESSIVE;
				GCC_WARN_UNUSED_FUNCTION = YES;
				GCC_WARN_UNUSED_VARIABLE = YES;
				IPHONEOS_DEPLOYMENT_TARGET = 14.5;
				MTL_ENABLE_DEBUG_INFO = INCLUDE_SOURCE;
				MTL_FAST_MATH = YES;
				ONLY_ACTIVE_ARCH = YES;
				SDKROOT = iphoneos;
				SWIFT_ACTIVE_COMPILATION_CONDITIONS = DEBUG;
				SWIFT_OPTIMIZATION_LEVEL = "-Onone";
			};
			name = Debug;
		};
		26B77C83278AAF9900521C15 /* Release */ = {
			isa = XCBuildConfiguration;
			buildSettings = {
				ALWAYS_SEARCH_USER_PATHS = NO;
				CLANG_ANALYZER_NONNULL = YES;
				CLANG_ANALYZER_NUMBER_OBJECT_CONVERSION = YES_AGGRESSIVE;
				CLANG_CXX_LANGUAGE_STANDARD = "gnu++14";
				CLANG_CXX_LIBRARY = "libc++";
				CLANG_ENABLE_MODULES = YES;
				CLANG_ENABLE_OBJC_ARC = YES;
				CLANG_ENABLE_OBJC_WEAK = YES;
				CLANG_WARN_BLOCK_CAPTURE_AUTORELEASING = YES;
				CLANG_WARN_BOOL_CONVERSION = YES;
				CLANG_WARN_COMMA = YES;
				CLANG_WARN_CONSTANT_CONVERSION = YES;
				CLANG_WARN_DEPRECATED_OBJC_IMPLEMENTATIONS = YES;
				CLANG_WARN_DIRECT_OBJC_ISA_USAGE = YES_ERROR;
				CLANG_WARN_DOCUMENTATION_COMMENTS = YES;
				CLANG_WARN_EMPTY_BODY = YES;
				CLANG_WARN_ENUM_CONVERSION = YES;
				CLANG_WARN_INFINITE_RECURSION = YES;
				CLANG_WARN_INT_CONVERSION = YES;
				CLANG_WARN_NON_LITERAL_NULL_CONVERSION = YES;
				CLANG_WARN_OBJC_IMPLICIT_RETAIN_SELF = YES;
				CLANG_WARN_OBJC_LITERAL_CONVERSION = YES;
				CLANG_WARN_OBJC_ROOT_CLASS = YES_ERROR;
				CLANG_WARN_QUOTED_INCLUDE_IN_FRAMEWORK_HEADER = YES;
				CLANG_WARN_RANGE_LOOP_ANALYSIS = YES;
				CLANG_WARN_STRICT_PROTOTYPES = YES;
				CLANG_WARN_SUSPICIOUS_MOVE = YES;
				CLANG_WARN_UNGUARDED_AVAILABILITY = YES_AGGRESSIVE;
				CLANG_WARN_UNREACHABLE_CODE = YES;
				CLANG_WARN__DUPLICATE_METHOD_MATCH = YES;
				COPY_PHASE_STRIP = NO;
				DEBUG_INFORMATION_FORMAT = "dwarf-with-dsym";
				ENABLE_NS_ASSERTIONS = NO;
				ENABLE_STRICT_OBJC_MSGSEND = YES;
				GCC_C_LANGUAGE_STANDARD = gnu11;
				GCC_NO_COMMON_BLOCKS = YES;
				GCC_WARN_64_TO_32_BIT_CONVERSION = YES;
				GCC_WARN_ABOUT_RETURN_TYPE = YES_ERROR;
				GCC_WARN_UNDECLARED_SELECTOR = YES;
				GCC_WARN_UNINITIALIZED_AUTOS = YES_AGGRESSIVE;
				GCC_WARN_UNUSED_FUNCTION = YES;
				GCC_WARN_UNUSED_VARIABLE = YES;
				IPHONEOS_DEPLOYMENT_TARGET = 14.5;
				MTL_ENABLE_DEBUG_INFO = NO;
				MTL_FAST_MATH = YES;
				SDKROOT = iphoneos;
				SWIFT_COMPILATION_MODE = wholemodule;
				SWIFT_OPTIMIZATION_LEVEL = "-O";
				VALIDATE_PRODUCT = YES;
			};
			name = Release;
		};
		26B77C85278AAF9900521C15 /* Debug */ = {
			isa = XCBuildConfiguration;
			buildSettings = {
				ASSETCATALOG_COMPILER_APPICON_NAME = AppIcon;
				ASSETCATALOG_COMPILER_GLOBAL_ACCENT_COLOR_NAME = AccentColor;
				CODE_SIGN_STYLE = Automatic;
				INFOPLIST_FILE = MeloManiac/Info.plist;
				LD_RUNPATH_SEARCH_PATHS = (
					"$(inherited)",
					"@executable_path/Frameworks",
				);
				PRODUCT_BUNDLE_IDENTIFIER = kg.bakai.MeloManiac;
				PRODUCT_NAME = "$(TARGET_NAME)";
				SWIFT_VERSION = 5.0;
				TARGETED_DEVICE_FAMILY = "1,2";
			};
			name = Debug;
		};
		26B77C86278AAF9900521C15 /* Release */ = {
			isa = XCBuildConfiguration;
			buildSettings = {
				ASSETCATALOG_COMPILER_APPICON_NAME = AppIcon;
				ASSETCATALOG_COMPILER_GLOBAL_ACCENT_COLOR_NAME = AccentColor;
				CODE_SIGN_STYLE = Automatic;
				INFOPLIST_FILE = MeloManiac/Info.plist;
				LD_RUNPATH_SEARCH_PATHS = (
					"$(inherited)",
					"@executable_path/Frameworks",
				);
				PRODUCT_BUNDLE_IDENTIFIER = kg.bakai.MeloManiac;
				PRODUCT_NAME = "$(TARGET_NAME)";
				SWIFT_VERSION = 5.0;
				TARGETED_DEVICE_FAMILY = "1,2";
			};
			name = Release;
		};
		26B77C88278AAF9900521C15 /* Debug */ = {
			isa = XCBuildConfiguration;
			buildSettings = {
				ALWAYS_EMBED_SWIFT_STANDARD_LIBRARIES = YES;
				BUNDLE_LOADER = "$(TEST_HOST)";
				CODE_SIGN_STYLE = Automatic;
				INFOPLIST_FILE = MeloManiacTests/Info.plist;
				IPHONEOS_DEPLOYMENT_TARGET = 14.5;
				LD_RUNPATH_SEARCH_PATHS = (
					"$(inherited)",
					"@executable_path/Frameworks",
					"@loader_path/Frameworks",
				);
				PRODUCT_BUNDLE_IDENTIFIER = kg.bakai.MeloManiacTests;
				PRODUCT_NAME = "$(TARGET_NAME)";
				SWIFT_VERSION = 5.0;
				TARGETED_DEVICE_FAMILY = "1,2";
				TEST_HOST = "$(BUILT_PRODUCTS_DIR)/MeloManiac.app/MeloManiac";
			};
			name = Debug;
		};
		26B77C89278AAF9900521C15 /* Release */ = {
			isa = XCBuildConfiguration;
			buildSettings = {
				ALWAYS_EMBED_SWIFT_STANDARD_LIBRARIES = YES;
				BUNDLE_LOADER = "$(TEST_HOST)";
				CODE_SIGN_STYLE = Automatic;
				INFOPLIST_FILE = MeloManiacTests/Info.plist;
				IPHONEOS_DEPLOYMENT_TARGET = 14.5;
				LD_RUNPATH_SEARCH_PATHS = (
					"$(inherited)",
					"@executable_path/Frameworks",
					"@loader_path/Frameworks",
				);
				PRODUCT_BUNDLE_IDENTIFIER = kg.bakai.MeloManiacTests;
				PRODUCT_NAME = "$(TARGET_NAME)";
				SWIFT_VERSION = 5.0;
				TARGETED_DEVICE_FAMILY = "1,2";
				TEST_HOST = "$(BUILT_PRODUCTS_DIR)/MeloManiac.app/MeloManiac";
			};
			name = Release;
		};
		26B77C8B278AAF9900521C15 /* Debug */ = {
			isa = XCBuildConfiguration;
			buildSettings = {
				ALWAYS_EMBED_SWIFT_STANDARD_LIBRARIES = YES;
				CODE_SIGN_STYLE = Automatic;
				INFOPLIST_FILE = MeloManiacUITests/Info.plist;
				LD_RUNPATH_SEARCH_PATHS = (
					"$(inherited)",
					"@executable_path/Frameworks",
					"@loader_path/Frameworks",
				);
				PRODUCT_BUNDLE_IDENTIFIER = kg.bakai.MeloManiacUITests;
				PRODUCT_NAME = "$(TARGET_NAME)";
				SWIFT_VERSION = 5.0;
				TARGETED_DEVICE_FAMILY = "1,2";
				TEST_TARGET_NAME = MeloManiac;
			};
			name = Debug;
		};
		26B77C8C278AAF9900521C15 /* Release */ = {
			isa = XCBuildConfiguration;
			buildSettings = {
				ALWAYS_EMBED_SWIFT_STANDARD_LIBRARIES = YES;
				CODE_SIGN_STYLE = Automatic;
				INFOPLIST_FILE = MeloManiacUITests/Info.plist;
				LD_RUNPATH_SEARCH_PATHS = (
					"$(inherited)",
					"@executable_path/Frameworks",
					"@loader_path/Frameworks",
				);
				PRODUCT_BUNDLE_IDENTIFIER = kg.bakai.MeloManiacUITests;
				PRODUCT_NAME = "$(TARGET_NAME)";
				SWIFT_VERSION = 5.0;
				TARGETED_DEVICE_FAMILY = "1,2";
				TEST_TARGET_NAME = MeloManiac;
			};
			name = Release;
		};
/* End XCBuildConfiguration section */

/* Begin XCConfigurationList section */
		26B77C55278AAF9600521C15 /* Build configuration list for PBXProject "MeloManiac" */ = {
			isa = XCConfigurationList;
			buildConfigurations = (
				26B77C82278AAF9900521C15 /* Debug */,
				26B77C83278AAF9900521C15 /* Release */,
			);
			defaultConfigurationIsVisible = 0;
			defaultConfigurationName = Release;
		};
		26B77C84278AAF9900521C15 /* Build configuration list for PBXNativeTarget "MeloManiac" */ = {
			isa = XCConfigurationList;
			buildConfigurations = (
				26B77C85278AAF9900521C15 /* Debug */,
				26B77C86278AAF9900521C15 /* Release */,
			);
			defaultConfigurationIsVisible = 0;
			defaultConfigurationName = Release;
		};
		26B77C87278AAF9900521C15 /* Build configuration list for PBXNativeTarget "MeloManiacTests" */ = {
			isa = XCConfigurationList;
			buildConfigurations = (
				26B77C88278AAF9900521C15 /* Debug */,
				26B77C89278AAF9900521C15 /* Release */,
			);
			defaultConfigurationIsVisible = 0;
			defaultConfigurationName = Release;
		};
		26B77C8A278AAF9900521C15 /* Build configuration list for PBXNativeTarget "MeloManiacUITests" */ = {
			isa = XCConfigurationList;
			buildConfigurations = (
				26B77C8B278AAF9900521C15 /* Debug */,
				26B77C8C278AAF9900521C15 /* Release */,
			);
			defaultConfigurationIsVisible = 0;
			defaultConfigurationName = Release;
		};
/* End XCConfigurationList section */
	};
	rootObject = 26B77C52278AAF9600521C15 /* Project object */;
}
